// !$*UTF8*$!
{
	archiveVersion = 1;
	classes = {
	};
	objectVersion = 46;
	objects = {

/* Begin PBXBuildFile section */
		8ED40C161B14DC1900A07639 /* main.m in Sources */ = {isa = PBXBuildFile; fileRef = 8ED40C151B14DC1900A07639 /* main.m */; };
		8ED40C191B14DC1900A07639 /* AppDelegate.m in Sources */ = {isa = PBXBuildFile; fileRef = 8ED40C181B14DC1900A07639 /* AppDelegate.m */; };
		8ED40C1C1B14DC1900A07639 /* ViewController.m in Sources */ = {isa = PBXBuildFile; fileRef = 8ED40C1B1B14DC1900A07639 /* ViewController.m */; };
		8ED40C211B14DC1900A07639 /* Images.xcassets in Resources */ = {isa = PBXBuildFile; fileRef = 8ED40C201B14DC1900A07639 /* Images.xcassets */; };
		8ED40C241B14DC1900A07639 /* LaunchScreen.xib in Resources */ = {isa = PBXBuildFile; fileRef = 8ED40C221B14DC1900A07639 /* LaunchScreen.xib */; };
		8ED40C301B14DC1900A07639 /* KPMineSweeperTests.m in Sources */ = {isa = PBXBuildFile; fileRef = 8ED40C2F1B14DC1900A07639 /* KPMineSweeperTests.m */; };
		8ED40C3B1B14E31C00A07639 /* Tile.m in Sources */ = {isa = PBXBuildFile; fileRef = 8ED40C3A1B14E31C00A07639 /* Tile.m */; };
		8ED40C3F1B14E33800A07639 /* Board.m in Sources */ = {isa = PBXBuildFile; fileRef = 8ED40C3E1B14E33800A07639 /* Board.m */; };
/* End PBXBuildFile section */

/* Begin PBXContainerItemProxy section */
		8ED40C2A1B14DC1900A07639 /* PBXContainerItemProxy */ = {
			isa = PBXContainerItemProxy;
			containerPortal = 8ED40C081B14DC1900A07639 /* Project object */;
			proxyType = 1;
			remoteGlobalIDString = 8ED40C0F1B14DC1900A07639;
			remoteInfo = KPMineSweeper;
		};
/* End PBXContainerItemProxy section */

/* Begin PBXFileReference section */
		8ED40C101B14DC1900A07639 /* KPMineSweeper.app */ = {isa = PBXFileReference; explicitFileType = wrapper.application; includeInIndex = 0; path = KPMineSweeper.app; sourceTree = BUILT_PRODUCTS_DIR; };
		8ED40C141B14DC1900A07639 /* Info.plist */ = {isa = PBXFileReference; lastKnownFileType = text.plist.xml; path = Info.plist; sourceTree = "<group>"; };
		8ED40C151B14DC1900A07639 /* main.m */ = {isa = PBXFileReference; lastKnownFileType = sourcecode.c.objc; path = main.m; sourceTree = "<group>"; };
		8ED40C171B14DC1900A07639 /* AppDelegate.h */ = {isa = PBXFileReference; lastKnownFileType = sourcecode.c.h; path = AppDelegate.h; sourceTree = "<group>"; };
		8ED40C181B14DC1900A07639 /* AppDelegate.m */ = {isa = PBXFileReference; lastKnownFileType = sourcecode.c.objc; path = AppDelegate.m; sourceTree = "<group>"; };
		8ED40C1A1B14DC1900A07639 /* ViewController.h */ = {isa = PBXFileReference; lastKnownFileType = sourcecode.c.h; path = ViewController.h; sourceTree = "<group>"; };
		8ED40C1B1B14DC1900A07639 /* ViewController.m */ = {isa = PBXFileReference; lastKnownFileType = sourcecode.c.objc; path = ViewController.m; sourceTree = "<group>"; };
		8ED40C201B14DC1900A07639 /* Images.xcassets */ = {isa = PBXFileReference; lastKnownFileType = folder.assetcatalog; path = Images.xcassets; sourceTree = "<group>"; };
		8ED40C231B14DC1900A07639 /* Base */ = {isa = PBXFileReference; lastKnownFileType = file.xib; name = Base; path = Base.lproj/LaunchScreen.xib; sourceTree = "<group>"; };
		8ED40C291B14DC1900A07639 /* KPMineSweeperTests.xctest */ = {isa = PBXFileReference; explicitFileType = wrapper.cfbundle; includeInIndex = 0; path = KPMineSweeperTests.xctest; sourceTree = BUILT_PRODUCTS_DIR; };
		8ED40C2E1B14DC1900A07639 /* Info.plist */ = {isa = PBXFileReference; lastKnownFileType = text.plist.xml; path = Info.plist; sourceTree = "<group>"; };
		8ED40C2F1B14DC1900A07639 /* KPMineSweeperTests.m */ = {isa = PBXFileReference; lastKnownFileType = sourcecode.c.objc; path = KPMineSweeperTests.m; sourceTree = "<group>"; };
		8ED40C391B14E31C00A07639 /* Tile.h */ = {isa = PBXFileReference; fileEncoding = 4; lastKnownFileType = sourcecode.c.h; name = Tile.h; path = Models/Tile.h; sourceTree = "<group>"; };
		8ED40C3A1B14E31C00A07639 /* Tile.m */ = {isa = PBXFileReference; fileEncoding = 4; lastKnownFileType = sourcecode.c.objc; name = Tile.m; path = Models/Tile.m; sourceTree = "<group>"; };
		8ED40C3D1B14E33800A07639 /* Board.h */ = {isa = PBXFileReference; fileEncoding = 4; lastKnownFileType = sourcecode.c.h; path = Board.h; sourceTree = "<group>"; };
		8ED40C3E1B14E33800A07639 /* Board.m */ = {isa = PBXFileReference; fileEncoding = 4; lastKnownFileType = sourcecode.c.objc; path = Board.m; sourceTree = "<group>"; };
/* End PBXFileReference section */

/* Begin PBXFrameworksBuildPhase section */
		8ED40C0D1B14DC1900A07639 /* Frameworks */ = {
			isa = PBXFrameworksBuildPhase;
			buildActionMask = 2147483647;
			files = (
			);
			runOnlyForDeploymentPostprocessing = 0;
		};
		8ED40C261B14DC1900A07639 /* Frameworks */ = {
			isa = PBXFrameworksBuildPhase;
			buildActionMask = 2147483647;
			files = (
			);
			runOnlyForDeploymentPostprocessing = 0;
		};
/* End PBXFrameworksBuildPhase section */

/* Begin PBXGroup section */
		8ED40C071B14DC1900A07639 = {
			isa = PBXGroup;
			children = (
				8ED40C121B14DC1900A07639 /* KPMineSweeper */,
				8ED40C2C1B14DC1900A07639 /* KPMineSweeperTests */,
				8ED40C111B14DC1900A07639 /* Products */,
			);
			sourceTree = "<group>";
		};
		8ED40C111B14DC1900A07639 /* Products */ = {
			isa = PBXGroup;
			children = (
				8ED40C101B14DC1900A07639 /* KPMineSweeper.app */,
				8ED40C291B14DC1900A07639 /* KPMineSweeperTests.xctest */,
			);
			name = Products;
			sourceTree = "<group>";
		};
		8ED40C121B14DC1900A07639 /* KPMineSweeper */ = {
			isa = PBXGroup;
			children = (
				8ED40C3C1B14E32100A07639 /* Models */,
				8ED40C171B14DC1900A07639 /* AppDelegate.h */,
				8ED40C181B14DC1900A07639 /* AppDelegate.m */,
				8ED40C1A1B14DC1900A07639 /* ViewController.h */,
				8ED40C1B1B14DC1900A07639 /* ViewController.m */,
				8ED40C201B14DC1900A07639 /* Images.xcassets */,
				8ED40C221B14DC1900A07639 /* LaunchScreen.xib */,
				8ED40C131B14DC1900A07639 /* Supporting Files */,
			);
			path = KPMineSweeper;
			sourceTree = "<group>";
		};
		8ED40C131B14DC1900A07639 /* Supporting Files */ = {
			isa = PBXGroup;
			children = (
				8ED40C141B14DC1900A07639 /* Info.plist */,
				8ED40C151B14DC1900A07639 /* main.m */,
			);
			name = "Supporting Files";
			sourceTree = "<group>";
		};
		8ED40C2C1B14DC1900A07639 /* KPMineSweeperTests */ = {
			isa = PBXGroup;
			children = (
				8ED40C2F1B14DC1900A07639 /* KPMineSweeperTests.m */,
				8ED40C2D1B14DC1900A07639 /* Supporting Files */,
			);
			path = KPMineSweeperTests;
			sourceTree = "<group>";
		};
		8ED40C2D1B14DC1900A07639 /* Supporting Files */ = {
			isa = PBXGroup;
			children = (
				8ED40C2E1B14DC1900A07639 /* Info.plist */,
			);
			name = "Supporting Files";
			sourceTree = "<group>";
		};
		8ED40C3C1B14E32100A07639 /* Models */ = {
			isa = PBXGroup;
			children = (
				8ED40C391B14E31C00A07639 /* Tile.h */,
				8ED40C3A1B14E31C00A07639 /* Tile.m */,
				8ED40C3D1B14E33800A07639 /* Board.h */,
				8ED40C3E1B14E33800A07639 /* Board.m */,
			);
			name = Models;
			sourceTree = "<group>";
		};
/* End PBXGroup section */

/* Begin PBXNativeTarget section */
		8ED40C0F1B14DC1900A07639 /* KPMineSweeper */ = {
			isa = PBXNativeTarget;
			buildConfigurationList = 8ED40C331B14DC1900A07639 /* Build configuration list for PBXNativeTarget "KPMineSweeper" */;
			buildPhases = (
				8ED40C0C1B14DC1900A07639 /* Sources */,
				8ED40C0D1B14DC1900A07639 /* Frameworks */,
				8ED40C0E1B14DC1900A07639 /* Resources */,
			);
			buildRules = (
			);
			dependencies = (
			);
			name = KPMineSweeper;
			productName = KPMineSweeper;
			productReference = 8ED40C101B14DC1900A07639 /* KPMineSweeper.app */;
			productType = "com.apple.product-type.application";
		};
		8ED40C281B14DC1900A07639 /* KPMineSweeperTests */ = {
			isa = PBXNativeTarget;
			buildConfigurationList = 8ED40C361B14DC1900A07639 /* Build configuration list for PBXNativeTarget "KPMineSweeperTests" */;
			buildPhases = (
				8ED40C251B14DC1900A07639 /* Sources */,
				8ED40C261B14DC1900A07639 /* Frameworks */,
				8ED40C271B14DC1900A07639 /* Resources */,
			);
			buildRules = (
			);
			dependencies = (
				8ED40C2B1B14DC1900A07639 /* PBXTargetDependency */,
			);
			name = KPMineSweeperTests;
			productName = KPMineSweeperTests;
			productReference = 8ED40C291B14DC1900A07639 /* KPMineSweeperTests.xctest */;
			productType = "com.apple.product-type.bundle.unit-test";
		};
/* End PBXNativeTarget section */

/* Begin PBXProject section */
		8ED40C081B14DC1900A07639 /* Project object */ = {
			isa = PBXProject;
			attributes = {
				LastUpgradeCheck = 0630;
				ORGANIZATIONNAME = "Kenan Pulak";
				TargetAttributes = {
					8ED40C0F1B14DC1900A07639 = {
						CreatedOnToolsVersion = 6.3.2;
					};
					8ED40C281B14DC1900A07639 = {
						CreatedOnToolsVersion = 6.3.2;
						TestTargetID = 8ED40C0F1B14DC1900A07639;
					};
				};
			};
			buildConfigurationList = 8ED40C0B1B14DC1900A07639 /* Build configuration list for PBXProject "KPMineSweeper" */;
			compatibilityVersion = "Xcode 3.2";
			developmentRegion = English;
			hasScannedForEncodings = 0;
			knownRegions = (
				en,
				Base,
			);
			mainGroup = 8ED40C071B14DC1900A07639;
			productRefGroup = 8ED40C111B14DC1900A07639 /* Products */;
			projectDirPath = "";
			projectRoot = "";
			targets = (
				8ED40C0F1B14DC1900A07639 /* KPMineSweeper */,
				8ED40C281B14DC1900A07639 /* KPMineSweeperTests */,
			);
		};
/* End PBXProject section */

/* Begin PBXResourcesBuildPhase section */
		8ED40C0E1B14DC1900A07639 /* Resources */ = {
			isa = PBXResourcesBuildPhase;
			buildActionMask = 2147483647;
			files = (
				8ED40C241B14DC1900A07639 /* LaunchScreen.xib in Resources */,
				8ED40C211B14DC1900A07639 /* Images.xcassets in Resources */,
			);
			runOnlyForDeploymentPostprocessing = 0;
		};
		8ED40C271B14DC1900A07639 /* Resources */ = {
			isa = PBXResourcesBuildPhase;
			buildActionMask = 2147483647;
			files = (
			);
			runOnlyForDeploymentPostprocessing = 0;
		};
/* End PBXResourcesBuildPhase section */

/* Begin PBXSourcesBuildPhase section */
		8ED40C0C1B14DC1900A07639 /* Sources */ = {
			isa = PBXSourcesBuildPhase;
			buildActionMask = 2147483647;
			files = (
				8ED40C1C1B14DC1900A07639 /* ViewController.m in Sources */,
				8ED40C191B14DC1900A07639 /* AppDelegate.m in Sources */,
				8ED40C161B14DC1900A07639 /* main.m in Sources */,
				8ED40C3B1B14E31C00A07639 /* Tile.m in Sources */,
				8ED40C3F1B14E33800A07639 /* Board.m in Sources */,
			);
			runOnlyForDeploymentPostprocessing = 0;
		};
		8ED40C251B14DC1900A07639 /* Sources */ = {
			isa = PBXSourcesBuildPhase;
			buildActionMask = 2147483647;
			files = (
				8ED40C301B14DC1900A07639 /* KPMineSweeperTests.m in Sources */,
			);
			runOnlyForDeploymentPostprocessing = 0;
		};
/* End PBXSourcesBuildPhase section */

/* Begin PBXTargetDependency section */
		8ED40C2B1B14DC1900A07639 /* PBXTargetDependency */ = {
			isa = PBXTargetDependency;
			target = 8ED40C0F1B14DC1900A07639 /* KPMineSweeper */;
			targetProxy = 8ED40C2A1B14DC1900A07639 /* PBXContainerItemProxy */;
		};
/* End PBXTargetDependency section */

/* Begin PBXVariantGroup section */
		8ED40C221B14DC1900A07639 /* LaunchScreen.xib */ = {
			isa = PBXVariantGroup;
			children = (
				8ED40C231B14DC1900A07639 /* Base */,
			);
			name = LaunchScreen.xib;
			sourceTree = "<group>";
		};
/* End PBXVariantGroup section */

/* Begin XCBuildConfiguration section */
		8ED40C311B14DC1900A07639 /* Debug */ = {
			isa = XCBuildConfiguration;
			buildSettings = {
				ALWAYS_SEARCH_USER_PATHS = NO;
				CLANG_CXX_LANGUAGE_STANDARD = "gnu++0x";
				CLANG_CXX_LIBRARY = "libc++";
				CLANG_ENABLE_MODULES = YES;
				CLANG_ENABLE_OBJC_ARC = YES;
				CLANG_WARN_BOOL_CONVERSION = YES;
				CLANG_WARN_CONSTANT_CONVERSION = YES;
				CLANG_WARN_DIRECT_OBJC_ISA_USAGE = YES_ERROR;
				CLANG_WARN_EMPTY_BODY = YES;
				CLANG_WARN_ENUM_CONVERSION = YES;
				CLANG_WARN_INT_CONVERSION = YES;
				CLANG_WARN_OBJC_ROOT_CLASS = YES_ERROR;
				CLANG_WARN_UNREACHABLE_CODE = YES;
				CLANG_WARN__DUPLICATE_METHOD_MATCH = YES;
				"CODE_SIGN_IDENTITY[sdk=iphoneos*]" = "iPhone Developer";
				COPY_PHASE_STRIP = NO;
				DEBUG_INFORMATION_FORMAT = "dwarf-with-dsym";
				ENABLE_STRICT_OBJC_MSGSEND = YES;
				GCC_C_LANGUAGE_STANDARD = gnu99;
				GCC_DYNAMIC_NO_PIC = NO;
				GCC_NO_COMMON_BLOCKS = YES;
				GCC_OPTIMIZATION_LEVEL = 0;
				GCC_PREPROCESSOR_DEFINITIONS = (
					"DEBUG=1",
					"$(inherited)",
				);
				GCC_SYMBOLS_PRIVATE_EXTERN = NO;
				GCC_WARN_64_TO_32_BIT_CONVERSION = YES;
				GCC_WARN_ABOUT_RETURN_TYPE = YES_ERROR;
				GCC_WARN_UNDECLARED_SELECTOR = YES;
				GCC_WARN_UNINITIALIZED_AUTOS = YES_AGGRESSIVE;
				GCC_WARN_UNUSED_FUNCTION = YES;
				GCC_WARN_UNUSED_VARIABLE = YES;
				IPHONEOS_DEPLOYMENT_TARGET = 8.3;
				MTL_ENABLE_DEBUG_INFO = YES;
				ONLY_ACTIVE_ARCH = YES;
				SDKROOT = iphoneos;
				TARGETED_DEVICE_FAMILY = "1,2";
			};
			name = Debug;
		};
		8ED40C321B14DC1900A07639 /* Release */ = {
			isa = XCBuildConfiguration;
			buildSettings = {
				ALWAYS_SEARCH_USER_PATHS = NO;
				CLANG_CXX_LANGUAGE_STANDARD = "gnu++0x";
				CLANG_CXX_LIBRARY = "libc++";
				CLANG_ENABLE_MODULES = YES;
				CLANG_ENABLE_OBJC_ARC = YES;
				CLANG_WARN_BOOL_CONVERSION = YES;
				CLANG_WARN_CONSTANT_CONVERSION = YES;
				CLANG_WARN_DIRECT_OBJC_ISA_USAGE = YES_ERROR;
				CLANG_WARN_EMPTY_BODY = YES;
				CLANG_WARN_ENUM_CONVERSION = YES;
				CLANG_WARN_INT_CONVERSION = YES;
				CLANG_WARN_OBJC_ROOT_CLASS = YES_ERROR;
				CLANG_WARN_UNREACHABLE_CODE = YES;
				CLANG_WARN__DUPLICATE_METHOD_MATCH = YES;
				"CODE_SIGN_IDENTITY[sdk=iphoneos*]" = "iPhone Developer";
				COPY_PHASE_STRIP = NO;
				DEBUG_INFORMATION_FORMAT = "dwarf-with-dsym";
				ENABLE_NS_ASSERTIONS = NO;
				ENABLE_STRICT_OBJC_MSGSEND = YES;
				GCC_C_LANGUAGE_STANDARD = gnu99;
				GCC_NO_COMMON_BLOCKS = YES;
				GCC_WARN_64_TO_32_BIT_CONVERSION = YES;
				GCC_WARN_ABOUT_RETURN_TYPE = YES_ERROR;
				GCC_WARN_UNDECLARED_SELECTOR = YES;
				GCC_WARN_UNINITIALIZED_AUTOS = YES_AGGRESSIVE;
				GCC_WARN_UNUSED_FUNCTION = YES;
				GCC_WARN_UNUSED_VARIABLE = YES;
				IPHONEOS_DEPLOYMENT_TARGET = 8.3;
				MTL_ENABLE_DEBUG_INFO = NO;
				SDKROOT = iphoneos;
				TARGETED_DEVICE_FAMILY = "1,2";
				VALIDATE_PRODUCT = YES;
			};
			name = Release;
		};
		8ED40C341B14DC1900A07639 /* Debug */ = {
			isa = XCBuildConfiguration;
			buildSettings = {
				ASSETCATALOG_COMPILER_APPICON_NAME = AppIcon;
				INFOPLIST_FILE = KPMineSweeper/Info.plist;
				LD_RUNPATH_SEARCH_PATHS = "$(inherited) @executable_path/Frameworks";
				PRODUCT_NAME = "$(TARGET_NAME)";
			};
			name = Debug;
		};
		8ED40C351B14DC1900A07639 /* Release */ = {
			isa = XCBuildConfiguration;
			buildSettings = {
				ASSETCATALOG_COMPILER_APPICON_NAME = AppIcon;
				INFOPLIST_FILE = KPMineSweeper/Info.plist;
				LD_RUNPATH_SEARCH_PATHS = "$(inherited) @executable_path/Frameworks";
				PRODUCT_NAME = "$(TARGET_NAME)";
			};
			name = Release;
		};
		8ED40C371B14DC1900A07639 /* Debug */ = {
			isa = XCBuildConfiguration;
			buildSettings = {
				BUNDLE_LOADER = "$(TEST_HOST)";
				FRAMEWORK_SEARCH_PATHS = (
					"$(SDKROOT)/Developer/Library/Frameworks",
					"$(inherited)",
				);
				GCC_PREPROCESSOR_DEFINITIONS = (
					"DEBUG=1",
					"$(inherited)",
				);
				INFOPLIST_FILE = KPMineSweeperTests/Info.plist;
				LD_RUNPATH_SEARCH_PATHS = "$(inherited) @executable_path/Frameworks @loader_path/Frameworks";
				PRODUCT_NAME = "$(TARGET_NAME)";
				TEST_HOST = "$(BUILT_PRODUCTS_DIR)/KPMineSweeper.app/KPMineSweeper";
			};
			name = Debug;
		};
		8ED40C381B14DC1900A07639 /* Release */ = {
			isa = XCBuildConfiguration;
			buildSettings = {
				BUNDLE_LOADER = "$(TEST_HOST)";
				FRAMEWORK_SEARCH_PATHS = (
					"$(SDKROOT)/Developer/Library/Frameworks",
					"$(inherited)",
				);
				INFOPLIST_FILE = KPMineSweeperTests/Info.plist;
				LD_RUNPATH_SEARCH_PATHS = "$(inherited) @executable_path/Frameworks @loader_path/Frameworks";
				PRODUCT_NAME = "$(TARGET_NAME)";
				TEST_HOST = "$(BUILT_PRODUCTS_DIR)/KPMineSweeper.app/KPMineSweeper";
			};
			name = Release;
		};
/* End XCBuildConfiguration section */

/* Begin XCConfigurationList section */
		8ED40C0B1B14DC1900A07639 /* Build configuration list for PBXProject "KPMineSweeper" */ = {
			isa = XCConfigurationList;
			buildConfigurations = (
				8ED40C311B14DC1900A07639 /* Debug */,
				8ED40C321B14DC1900A07639 /* Release */,
			);
			defaultConfigurationIsVisible = 0;
			defaultConfigurationName = Release;
		};
		8ED40C331B14DC1900A07639 /* Build configuration list for PBXNativeTarget "KPMineSweeper" */ = {
			isa = XCConfigurationList;
			buildConfigurations = (
				8ED40C341B14DC1900A07639 /* Debug */,
				8ED40C351B14DC1900A07639 /* Release */,
			);
			defaultConfigurationIsVisible = 0;
		};
		8ED40C361B14DC1900A07639 /* Build configuration list for PBXNativeTarget "KPMineSweeperTests" */ = {
			isa = XCConfigurationList;
			buildConfigurations = (
				8ED40C371B14DC1900A07639 /* Debug */,
				8ED40C381B14DC1900A07639 /* Release */,
			);
			defaultConfigurationIsVisible = 0;
		};
/* End XCConfigurationList section */
	};
	rootObject = 8ED40C081B14DC1900A07639 /* Project object */;
}
